
Microsoft Visual Studio Solution File, Format Version 12.00
# Visual Studio 15
VisualStudioVersion = 15.0.28307.705
MinimumVisualStudioVersion = 10.0.40219.1
Project("{FAE04EC0-301F-11D3-BF4B-00C04F79EFBC}") = "CSV_Test1", "CSV_Test1\CSV_Test1.csproj", "{67B56639-7CDD-434D-BB3C-A587F1DF23CB}"
EndProject
Global
	GlobalSection(SolutionConfigurationPlatforms) = preSolution
		Debug|Any CPU = Debug|Any CPU
		Release|Any CPU = Release|Any CPU
	EndGlobalSection
	GlobalSection(ProjectConfigurationPlatforms) = postSolution
		{67B56639-7CDD-434D-BB3C-A587F1DF23CB}.Debug|Any CPU.ActiveCfg = Debug|Any CPU
		{67B56639-7CDD-434D-BB3C-A587F1DF23CB}.Debug|Any CPU.Build.0 = Debug|Any CPU
		{67B56639-7CDD-434D-BB3C-A587F1DF23CB}.Release|Any CPU.ActiveCfg = Release|Any CPU
		{67B56639-7CDD-434D-BB3C-A587F1DF23CB}.Release|Any CPU.Build.0 = Release|Any CPU
	EndGlobalSection
	GlobalSection(SolutionProperties) = preSolution
		HideSolutionNode = FALSE
	EndGlobalSection
	GlobalSection(ExtensibilityGlobals) = postSolution
		SolutionGuid = {CB6A5ABB-B898-4EEE-A737-B8AADC7953AD}
	EndGlobalSection
EndGlobal
